
Microsoft Visual Studio Solution File, Format Version 12.00
# Visual Studio Version 17
VisualStudioVersion = 17.6.33723.286
MinimumVisualStudioVersion = 10.0.40219.1
Project("{9A19103F-16F7-4668-BE54-9A1E7A4F7556}") = "Backgammon", "Backgammon\Backgammon.csproj", "{8774B9C2-5609-4673-99A4-9403B2ED8AD1}"
EndProject
Global
	GlobalSection(SolutionConfigurationPlatforms) = preSolution
		Debug|Any CPU = Debug|Any CPU
		Release|Any CPU = Release|Any CPU
	EndGlobalSection
	GlobalSection(ProjectConfigurationPlatforms) = postSolution
		{8774B9C2-5609-4673-99A4-9403B2ED8AD1}.Debug|Any CPU.ActiveCfg = Debug|Any CPU
		{8774B9C2-5609-4673-99A4-9403B2ED8AD1}.Debug|Any CPU.Build.0 = Debug|Any CPU
		{8774B9C2-5609-4673-99A4-9403B2ED8AD1}.Release|Any CPU.ActiveCfg = Release|Any CPU
		{8774B9C2-5609-4673-99A4-9403B2ED8AD1}.Release|Any CPU.Build.0 = Release|Any CPU
	EndGlobalSection
	GlobalSection(SolutionProperties) = preSolution
		HideSolutionNode = FALSE
	EndGlobalSection
	GlobalSection(ExtensibilityGlobals) = postSolution
		SolutionGuid = {3BF7D6BB-37D9-4ACA-9EFA-073617B6AF90}
	EndGlobalSection
EndGlobal
